
Microsoft Visual Studio Solution File, Format Version 12.00
# Visual Studio Version 17
VisualStudioVersion = 17.12.35527.113
MinimumVisualStudioVersion = 10.0.40219.1
Project("{FAE04EC0-301F-11D3-BF4B-00C04F79EFBC}") = "NetPdf", "NetPdf\NetPdf.csproj", "{A8C918BC-4231-435F-8C89-9CDCFA1D0407}"
EndProject
Project("{FAE04EC0-301F-11D3-BF4B-00C04F79EFBC}") = "NetPdf.Tests", "NetPdf.Tests\NetPdf.Tests.csproj", "{1EB34259-1932-4648-85B4-B53C7484063C}"
EndProject
Global
	GlobalSection(SolutionConfigurationPlatforms) = preSolution
		Debug|Any CPU = Debug|Any CPU
		Release|Any CPU = Release|Any CPU
	EndGlobalSection
	GlobalSection(ProjectConfigurationPlatforms) = postSolution
		{A8C918BC-4231-435F-8C89-9CDCFA1D0407}.Debug|Any CPU.ActiveCfg = Debug|Any CPU
		{A8C918BC-4231-435F-8C89-9CDCFA1D0407}.Debug|Any CPU.Build.0 = Debug|Any CPU
		{A8C918BC-4231-435F-8C89-9CDCFA1D0407}.Release|Any CPU.ActiveCfg = Release|Any CPU
		{A8C918BC-4231-435F-8C89-9CDCFA1D0407}.Release|Any CPU.Build.0 = Release|Any CPU
		{1EB34259-1932-4648-85B4-B53C7484063C}.Debug|Any CPU.ActiveCfg = Debug|Any CPU
		{1EB34259-1932-4648-85B4-B53C7484063C}.Debug|Any CPU.Build.0 = Debug|Any CPU
		{1EB34259-1932-4648-85B4-B53C7484063C}.Release|Any CPU.ActiveCfg = Release|Any CPU
		{1EB34259-1932-4648-85B4-B53C7484063C}.Release|Any CPU.Build.0 = Release|Any CPU
	EndGlobalSection
	GlobalSection(SolutionProperties) = preSolution
		HideSolutionNode = FALSE
	EndGlobalSection
EndGlobal
